
Microsoft Visual Studio Solution File, Format Version 12.00
# Visual Studio Version 17
VisualStudioVersion = 17.8.34316.72
MinimumVisualStudioVersion = 10.0.40219.1
Project("{9A19103F-16F7-4668-BE54-9A1E7A4F7556}") = "YSYDotNetCore.ConsoleApp", "YSYDotNetCore.ConsoleApp\YSYDotNetCore.ConsoleApp.csproj", "{CC586EB4-9B98-41D5-B284-C11625012C6E}"
EndProject
Project("{9A19103F-16F7-4668-BE54-9A1E7A4F7556}") = "YSYDotNetCore.RestApi", "YSYDotNetCore.RestApi\YSYDotNetCore.RestApi.csproj", "{D8526042-3B78-4C1B-B231-2F632710F04D}"
EndProject
Project("{9A19103F-16F7-4668-BE54-9A1E7A4F7556}") = "YSYDotNetCore.MinimalApi", "YSYDotNetCore.MinimalApi\YSYDotNetCore.MinimalApi.csproj", "{168C04F0-9879-4D75-B4D4-2BB365FCB350}"
EndProject
Project("{9A19103F-16F7-4668-BE54-9A1E7A4F7556}") = "YSYDotNetCore.MvcApp", "YSYDotNetCore.MvcApp\YSYDotNetCore.MvcApp.csproj", "{FA5E9B87-331D-4428-B191-483822111C86}"
EndProject
Project("{FAE04EC0-301F-11D3-BF4B-00C04F79EFBC}") = "YSYDotNetCore.ChatAppUsingSignalR", "YSYDotNetCore.ChatAppUsingSignalR\YSYDotNetCore.ChatAppUsingSignalR.csproj", "{D0B23F98-B3A2-4775-8DED-38DE0E943820}"
EndProject
Global
	GlobalSection(SolutionConfigurationPlatforms) = preSolution
		Debug|Any CPU = Debug|Any CPU
		Release|Any CPU = Release|Any CPU
	EndGlobalSection
	GlobalSection(ProjectConfigurationPlatforms) = postSolution
		{CC586EB4-9B98-41D5-B284-C11625012C6E}.Debug|Any CPU.ActiveCfg = Debug|Any CPU
		{CC586EB4-9B98-41D5-B284-C11625012C6E}.Debug|Any CPU.Build.0 = Debug|Any CPU
		{CC586EB4-9B98-41D5-B284-C11625012C6E}.Release|Any CPU.ActiveCfg = Release|Any CPU
		{CC586EB4-9B98-41D5-B284-C11625012C6E}.Release|Any CPU.Build.0 = Release|Any CPU
		{D8526042-3B78-4C1B-B231-2F632710F04D}.Debug|Any CPU.ActiveCfg = Debug|Any CPU
		{D8526042-3B78-4C1B-B231-2F632710F04D}.Debug|Any CPU.Build.0 = Debug|Any CPU
		{D8526042-3B78-4C1B-B231-2F632710F04D}.Release|Any CPU.ActiveCfg = Release|Any CPU
		{D8526042-3B78-4C1B-B231-2F632710F04D}.Release|Any CPU.Build.0 = Release|Any CPU
		{168C04F0-9879-4D75-B4D4-2BB365FCB350}.Debug|Any CPU.ActiveCfg = Debug|Any CPU
		{168C04F0-9879-4D75-B4D4-2BB365FCB350}.Debug|Any CPU.Build.0 = Debug|Any CPU
		{168C04F0-9879-4D75-B4D4-2BB365FCB350}.Release|Any CPU.ActiveCfg = Release|Any CPU
		{168C04F0-9879-4D75-B4D4-2BB365FCB350}.Release|Any CPU.Build.0 = Release|Any CPU
		{FA5E9B87-331D-4428-B191-483822111C86}.Debug|Any CPU.ActiveCfg = Debug|Any CPU
		{FA5E9B87-331D-4428-B191-483822111C86}.Debug|Any CPU.Build.0 = Debug|Any CPU
		{FA5E9B87-331D-4428-B191-483822111C86}.Release|Any CPU.ActiveCfg = Release|Any CPU
		{FA5E9B87-331D-4428-B191-483822111C86}.Release|Any CPU.Build.0 = Release|Any CPU
		{D0B23F98-B3A2-4775-8DED-38DE0E943820}.Debug|Any CPU.ActiveCfg = Debug|Any CPU
		{D0B23F98-B3A2-4775-8DED-38DE0E943820}.Debug|Any CPU.Build.0 = Debug|Any CPU
		{D0B23F98-B3A2-4775-8DED-38DE0E943820}.Release|Any CPU.ActiveCfg = Release|Any CPU
		{D0B23F98-B3A2-4775-8DED-38DE0E943820}.Release|Any CPU.Build.0 = Release|Any CPU
	EndGlobalSection
	GlobalSection(SolutionProperties) = preSolution
		HideSolutionNode = FALSE
	EndGlobalSection
	GlobalSection(ExtensibilityGlobals) = postSolution
		SolutionGuid = {EBD91C35-965D-4EF0-9E45-3AC4A9A6BA65}
	EndGlobalSection
EndGlobal
