{
  "name": "YSYDotNetCore.HTMLApp",
  "lockfileVersion": 3,
  "requires": true,
  "packages": {
    "": {
      "dependencies": {
        "ladda": "^2.0.3",
        "toastify-js": "^1.12.0"
      }
    },
    "node_modules/ladda": {
      "version": "2.0.3",
      "resolved": "https://registry.npmjs.org/ladda/-/ladda-2.0.3.tgz",
      "integrity": "sha512-b/m5BP2M2s37GkwEMBJV6mnvLsFUUo1pdn13n6x18bPEFFf+zEl5TmeeqYXmUjgkEEugICe+dTvmciteJ+CGcQ==",
      "dependencies": {
        "spin.js": "^4.1.1"
      }
    },
    "node_modules/spin.js": {
      "version": "4.1.1",
      "resolved": "https://registry.npmjs.org/spin.js/-/spin.js-4.1.1.tgz",
      "integrity": "sha512-3cjbjZBw8TmZmvzcmlXqArUpefJ1vGgQZ+dh1CdyDyxZZNxNmw+2Dq5jyoP/OCqQP+z78rWgSJX9m3uMuGaxxw=="
    },
    "node_modules/toastify-js": {
      "version": "1.12.0",
      "resolved": "https://registry.npmjs.org/toastify-js/-/toastify-js-1.12.0.tgz",
      "integrity": "sha512-HeMHCO9yLPvP9k0apGSdPUWrUbLnxUKNFzgUoZp1PHCLploIX/4DSQ7V8H25ef+h4iO9n0he7ImfcndnN6nDrQ=="
    }
  }
}
